
Microsoft Visual Studio Solution File, Format Version 12.00
# Visual Studio Version 17
VisualStudioVersion = 17.5.002.0
MinimumVisualStudioVersion = 10.0.40219.1
Project("{9A19103F-16F7-4668-BE54-9A1E7A4F7556}") = "RPGPOO", "RPGPOO\RPGPOO.csproj", "{FC36AE2A-6116-4B1F-8436-CC96C6476DB0}"
EndProject
Global
	GlobalSection(SolutionConfigurationPlatforms) = preSolution
		Debug|Any CPU = Debug|Any CPU
		Release|Any CPU = Release|Any CPU
	EndGlobalSection
	GlobalSection(ProjectConfigurationPlatforms) = postSolution
		{FC36AE2A-6116-4B1F-8436-CC96C6476DB0}.Debug|Any CPU.ActiveCfg = Debug|Any CPU
		{FC36AE2A-6116-4B1F-8436-CC96C6476DB0}.Debug|Any CPU.Build.0 = Debug|Any CPU
		{FC36AE2A-6116-4B1F-8436-CC96C6476DB0}.Release|Any CPU.ActiveCfg = Release|Any CPU
		{FC36AE2A-6116-4B1F-8436-CC96C6476DB0}.Release|Any CPU.Build.0 = Release|Any CPU
	EndGlobalSection
	GlobalSection(SolutionProperties) = preSolution
		HideSolutionNode = FALSE
	EndGlobalSection
	GlobalSection(ExtensibilityGlobals) = postSolution
		SolutionGuid = {0B836DF2-00BE-431D-A420-3A88EC0CF2BA}
	EndGlobalSection
EndGlobal
